# This file is automatically @generated by Cargo.
# It is not intended for manual editing.
version = 4

[[package]]
name = "bitflags"
version = "2.13.0"
source = "registry+https://github.com/rust-lang/crates.io-index"
checksum = "b4388bee8683e3d04af747c73422af53102d2bd24d9eadb6cbc100baef4b43f8"

[[package]]
name = "driver-primitives"
version = "0.1.0"

[[package]]
name = "redox-virtio-drivers"
version = "0.1.0"
dependencies = [
 "driver-primitives",
 "redox_syscall",
]

[[package]]
name = "redox_syscall"
version = "0.8.1"
source = "git+https://gitlab.redox-os.org/redox-os/syscall.git?rev=79cb6d9057642be31623677458a93aa88145864f#79cb6d9057642be31623677458a93aa88145864f"
dependencies = [
 "bitflags",
]
